
Microsoft Visual Studio Solution File, Format Version 12.00
# Visual Studio Version 17
VisualStudioVersion = 17.4.33205.214
MinimumVisualStudioVersion = 10.0.40219.1
Project("{FAE04EC0-301F-11D3-BF4B-00C04F79EFBC}") = "DBFirstApproach", "DBFirstApproach\DBFirstApproach.csproj", "{9C97CC62-5AEE-4B7D-BF10-C71A361989BF}"
EndProject
Global
	GlobalSection(SolutionConfigurationPlatforms) = preSolution
		Debug|Any CPU = Debug|Any CPU
		Release|Any CPU = Release|Any CPU
	EndGlobalSection
	GlobalSection(ProjectConfigurationPlatforms) = postSolution
		{9C97CC62-5AEE-4B7D-BF10-C71A361989BF}.Debug|Any CPU.ActiveCfg = Debug|Any CPU
		{9C97CC62-5AEE-4B7D-BF10-C71A361989BF}.Debug|Any CPU.Build.0 = Debug|Any CPU
		{9C97CC62-5AEE-4B7D-BF10-C71A361989BF}.Release|Any CPU.ActiveCfg = Release|Any CPU
		{9C97CC62-5AEE-4B7D-BF10-C71A361989BF}.Release|Any CPU.Build.0 = Release|Any CPU
	EndGlobalSection
	GlobalSection(SolutionProperties) = preSolution
		HideSolutionNode = FALSE
	EndGlobalSection
	GlobalSection(ExtensibilityGlobals) = postSolution
		SolutionGuid = {FF8F684F-B49E-4BE0-9B01-5B0F4B632779}
	EndGlobalSection
EndGlobal
